{
  "name": "test",
  "version": "1.0.0",
  "lockfileVersion": 1,
  "requires": true,
  "dependencies": {
    "aa": {
      "version": "0.1.40",
      "resolved": "https://registry.npm.taobao.org/aa/download/aa-0.1.40.tgz",
      "integrity": "sha1-3s2iEeFwdOpbzxn4XQZzTGgq0xY=",
      "dev": true,
      "requires": {
        "promise-thunk": ">=0.1.16"
      }
    },
    "jquery": {
      "version": "3.4.1",
      "resolved": "https://registry.npmjs.org/jquery/-/jquery-3.4.1.tgz",
      "integrity": "sha1-cU8fjZ3eS9+lV2S6N+8hRjDYDvI="
    },
    "promise-thunk": {
      "version": "0.1.17",
      "resolved": "https://registry.npm.taobao.org/promise-thunk/download/promise-thunk-0.1.17.tgz",
      "integrity": "sha1-DfJ4S40UPVaiHcODAlNgUQ0E4zs=",
      "dev": true
    }
  }
}
